
Microsoft Visual Studio Solution File, Format Version 12.00
# Visual Studio 15
VisualStudioVersion = 15.0.28307.271
MinimumVisualStudioVersion = 10.0.40219.1
Project("{FAE04EC0-301F-11D3-BF4B-00C04F79EFBC}") = "DKEY", "DKEY\DKEY.csproj", "{C05B30A7-B58C-4A4B-A765-0BB357869744}"
EndProject
Project("{FAE04EC0-301F-11D3-BF4B-00C04F79EFBC}") = "DKEY_new", "DKEY_new\DKEY_new.csproj", "{88788D00-ED6F-46CD-BD3B-823983B7D156}"
EndProject
Project("{FAE04EC0-301F-11D3-BF4B-00C04F79EFBC}") = "GeneratorDat", "GeneratorDat\GeneratorDat.csproj", "{518923F2-C7C8-4AE4-8DC6-B272D6CBD67A}"
EndProject
Global
	GlobalSection(SolutionConfigurationPlatforms) = preSolution
		Debug|Any CPU = Debug|Any CPU
		Release|Any CPU = Release|Any CPU
	EndGlobalSection
	GlobalSection(ProjectConfigurationPlatforms) = postSolution
		{C05B30A7-B58C-4A4B-A765-0BB357869744}.Debug|Any CPU.ActiveCfg = Debug|Any CPU
		{C05B30A7-B58C-4A4B-A765-0BB357869744}.Debug|Any CPU.Build.0 = Debug|Any CPU
		{C05B30A7-B58C-4A4B-A765-0BB357869744}.Release|Any CPU.ActiveCfg = Release|Any CPU
		{C05B30A7-B58C-4A4B-A765-0BB357869744}.Release|Any CPU.Build.0 = Release|Any CPU
		{88788D00-ED6F-46CD-BD3B-823983B7D156}.Debug|Any CPU.ActiveCfg = Debug|Any CPU
		{88788D00-ED6F-46CD-BD3B-823983B7D156}.Debug|Any CPU.Build.0 = Debug|Any CPU
		{88788D00-ED6F-46CD-BD3B-823983B7D156}.Release|Any CPU.ActiveCfg = Release|Any CPU
		{88788D00-ED6F-46CD-BD3B-823983B7D156}.Release|Any CPU.Build.0 = Release|Any CPU
		{518923F2-C7C8-4AE4-8DC6-B272D6CBD67A}.Debug|Any CPU.ActiveCfg = Debug|Any CPU
		{518923F2-C7C8-4AE4-8DC6-B272D6CBD67A}.Debug|Any CPU.Build.0 = Debug|Any CPU
		{518923F2-C7C8-4AE4-8DC6-B272D6CBD67A}.Release|Any CPU.ActiveCfg = Release|Any CPU
		{518923F2-C7C8-4AE4-8DC6-B272D6CBD67A}.Release|Any CPU.Build.0 = Release|Any CPU
	EndGlobalSection
	GlobalSection(SolutionProperties) = preSolution
		HideSolutionNode = FALSE
	EndGlobalSection
	GlobalSection(ExtensibilityGlobals) = postSolution
		SolutionGuid = {3C543B55-5190-423C-99E3-B86C906E6690}
	EndGlobalSection
EndGlobal
